
Microsoft Visual Studio Solution File, Format Version 12.00
# Visual Studio 15
VisualStudioVersion = 15.0.27428.2043
MinimumVisualStudioVersion = 10.0.40219.1
Project("{FAE04EC0-301F-11D3-BF4B-00C04F79EFBC}") = "LoginDemo", "LoginDemo\LoginDemo.csproj", "{CBA6E060-FD2B-4665-B6E6-0C4B0E85BB0C}"
EndProject
Global
	GlobalSection(SolutionConfigurationPlatforms) = preSolution
		Debug|Any CPU = Debug|Any CPU
		Release|Any CPU = Release|Any CPU
	EndGlobalSection
	GlobalSection(ProjectConfigurationPlatforms) = postSolution
		{CBA6E060-FD2B-4665-B6E6-0C4B0E85BB0C}.Debug|Any CPU.ActiveCfg = Debug|Any CPU
		{CBA6E060-FD2B-4665-B6E6-0C4B0E85BB0C}.Debug|Any CPU.Build.0 = Debug|Any CPU
		{CBA6E060-FD2B-4665-B6E6-0C4B0E85BB0C}.Release|Any CPU.ActiveCfg = Release|Any CPU
		{CBA6E060-FD2B-4665-B6E6-0C4B0E85BB0C}.Release|Any CPU.Build.0 = Release|Any CPU
	EndGlobalSection
	GlobalSection(SolutionProperties) = preSolution
		HideSolutionNode = FALSE
	EndGlobalSection
	GlobalSection(ExtensibilityGlobals) = postSolution
		SolutionGuid = {A54956CA-1ECE-4AAE-9324-A7452965BA8F}
	EndGlobalSection
EndGlobal
