
Microsoft Visual Studio Solution File, Format Version 12.00
# Visual Studio 15
VisualStudioVersion = 15.0.27428.2043
MinimumVisualStudioVersion = 10.0.40219.1
Project("{9A19103F-16F7-4668-BE54-9A1E7A4F7556}") = "LoginDemo", "LoginDemo\LoginDemo.csproj", "{CBA6E060-FD2B-4665-B6E6-0C4B0E85BB0C}"
EndProject
Project("{9A19103F-16F7-4668-BE54-9A1E7A4F7556}") = "LoginDemo2", "LoginDemo2\LoginDemo2.csproj", "{7195F72B-CED9-4195-A1EC-30BF0B51EDA1}"
EndProject
Project("{9A19103F-16F7-4668-BE54-9A1E7A4F7556}") = "WebApplication1", "WebApplication1\WebApplication1.csproj", "{DED69DBD-54CC-42F0-AC51-2F8D37AB750D}"
EndProject
Project("{FAE04EC0-301F-11D3-BF4B-00C04F79EFBC}") = "AngularWebApp", "AngularWebApp\AngularWebApp.csproj", "{DD88BCC0-12FA-4363-A43B-515A643F790F}"
EndProject
Project("{9A19103F-16F7-4668-BE54-9A1E7A4F7556}") = "AngularWebApp2", "AngularWebApp2\AngularWebApp2.csproj", "{1D52C20C-9F9F-4B4E-82DB-3F735E522507}"
EndProject
Project("{9A19103F-16F7-4668-BE54-9A1E7A4F7556}") = "Rabbit", "Rabbit\Rabbit.csproj", "{11B26E31-9FAD-429F-88D1-298040C6B97A}"
EndProject
Project("{FAE04EC0-301F-11D3-BF4B-00C04F79EFBC}") = "RedisDemo", "RedisDemo\RedisDemo.csproj", "{C00E2957-5311-4552-95D2-FE97E99CA703}"
EndProject
Project("{9A19103F-16F7-4668-BE54-9A1E7A4F7556}") = "WebApplication2", "WebApplication2\WebApplication2.csproj", "{6D6385AC-2692-46E7-B71E-5B1309D1D12B}"
EndProject
Project("{9A19103F-16F7-4668-BE54-9A1E7A4F7556}") = "StreamingInSignalR", "StreamingInSignalR\StreamingInSignalR.csproj", "{825879B8-4269-498A-B825-C414B3FC9223}"
EndProject
Project("{FAE04EC0-301F-11D3-BF4B-00C04F79EFBC}") = "打包", "打包\打包.csproj", "{BDAB7CCD-E250-4E8B-98AB-718441AA51BE}"
EndProject
Project("{FAE04EC0-301F-11D3-BF4B-00C04F79EFBC}") = "KiwiVM2", "KiwiVM2\KiwiVM2.csproj", "{385DD313-A1E5-4CEA-A795-F7840DC3819E}"
EndProject
Project("{2150E333-8FDC-42A3-9474-1A3956D46DE8}") = "CSRedisCoreDemoDirectory", "CSRedisCoreDemoDirectory", "{04891B78-9C64-48B3-9B96-7D516F4E8808}"
EndProject
Project("{9A19103F-16F7-4668-BE54-9A1E7A4F7556}") = "CSRedisCoreDemo", "CSRedisCoreDemo\CSRedisCoreDemo.csproj", "{B13FAE37-BEF4-4F4B-AEA5-7C9E85DF08AD}"
EndProject
Project("{9A19103F-16F7-4668-BE54-9A1E7A4F7556}") = "Infrastructure", "Infrastructure\Infrastructure.csproj", "{B1898650-7BD3-464F-AAA2-BE8D6CE27A03}"
EndProject
Project("{2150E333-8FDC-42A3-9474-1A3956D46DE8}") = "WPF", "WPF", "{5D9C2607-DEBE-46AA-947B-AE4016C0D55B}"
EndProject
Project("{FAE04EC0-301F-11D3-BF4B-00C04F79EFBC}") = "GirlFriend", "GirlFriend\GirlFriend.csproj", "{43DEC317-E440-4994-8870-7B8E8E9A6B05}"
EndProject
Global
	GlobalSection(SolutionConfigurationPlatforms) = preSolution
		Debug|Any CPU = Debug|Any CPU
		Release|Any CPU = Release|Any CPU
	EndGlobalSection
	GlobalSection(ProjectConfigurationPlatforms) = postSolution
		{CBA6E060-FD2B-4665-B6E6-0C4B0E85BB0C}.Debug|Any CPU.ActiveCfg = Debug|Any CPU
		{CBA6E060-FD2B-4665-B6E6-0C4B0E85BB0C}.Debug|Any CPU.Build.0 = Debug|Any CPU
		{CBA6E060-FD2B-4665-B6E6-0C4B0E85BB0C}.Release|Any CPU.ActiveCfg = Release|Any CPU
		{CBA6E060-FD2B-4665-B6E6-0C4B0E85BB0C}.Release|Any CPU.Build.0 = Release|Any CPU
		{7195F72B-CED9-4195-A1EC-30BF0B51EDA1}.Debug|Any CPU.ActiveCfg = Debug|Any CPU
		{7195F72B-CED9-4195-A1EC-30BF0B51EDA1}.Debug|Any CPU.Build.0 = Debug|Any CPU
		{7195F72B-CED9-4195-A1EC-30BF0B51EDA1}.Release|Any CPU.ActiveCfg = Release|Any CPU
		{7195F72B-CED9-4195-A1EC-30BF0B51EDA1}.Release|Any CPU.Build.0 = Release|Any CPU
		{DED69DBD-54CC-42F0-AC51-2F8D37AB750D}.Debug|Any CPU.ActiveCfg = Debug|Any CPU
		{DED69DBD-54CC-42F0-AC51-2F8D37AB750D}.Debug|Any CPU.Build.0 = Debug|Any CPU
		{DED69DBD-54CC-42F0-AC51-2F8D37AB750D}.Release|Any CPU.ActiveCfg = Release|Any CPU
		{DED69DBD-54CC-42F0-AC51-2F8D37AB750D}.Release|Any CPU.Build.0 = Release|Any CPU
		{DD88BCC0-12FA-4363-A43B-515A643F790F}.Debug|Any CPU.ActiveCfg = Debug|Any CPU
		{DD88BCC0-12FA-4363-A43B-515A643F790F}.Debug|Any CPU.Build.0 = Debug|Any CPU
		{DD88BCC0-12FA-4363-A43B-515A643F790F}.Release|Any CPU.ActiveCfg = Release|Any CPU
		{DD88BCC0-12FA-4363-A43B-515A643F790F}.Release|Any CPU.Build.0 = Release|Any CPU
		{1D52C20C-9F9F-4B4E-82DB-3F735E522507}.Debug|Any CPU.ActiveCfg = Debug|Any CPU
		{1D52C20C-9F9F-4B4E-82DB-3F735E522507}.Debug|Any CPU.Build.0 = Debug|Any CPU
		{1D52C20C-9F9F-4B4E-82DB-3F735E522507}.Release|Any CPU.ActiveCfg = Release|Any CPU
		{1D52C20C-9F9F-4B4E-82DB-3F735E522507}.Release|Any CPU.Build.0 = Release|Any CPU
		{11B26E31-9FAD-429F-88D1-298040C6B97A}.Debug|Any CPU.ActiveCfg = Debug|Any CPU
		{11B26E31-9FAD-429F-88D1-298040C6B97A}.Debug|Any CPU.Build.0 = Debug|Any CPU
		{11B26E31-9FAD-429F-88D1-298040C6B97A}.Release|Any CPU.ActiveCfg = Release|Any CPU
		{11B26E31-9FAD-429F-88D1-298040C6B97A}.Release|Any CPU.Build.0 = Release|Any CPU
		{C00E2957-5311-4552-95D2-FE97E99CA703}.Debug|Any CPU.ActiveCfg = Debug|Any CPU
		{C00E2957-5311-4552-95D2-FE97E99CA703}.Debug|Any CPU.Build.0 = Debug|Any CPU
		{C00E2957-5311-4552-95D2-FE97E99CA703}.Release|Any CPU.ActiveCfg = Release|Any CPU
		{C00E2957-5311-4552-95D2-FE97E99CA703}.Release|Any CPU.Build.0 = Release|Any CPU
		{6D6385AC-2692-46E7-B71E-5B1309D1D12B}.Debug|Any CPU.ActiveCfg = Debug|Any CPU
		{6D6385AC-2692-46E7-B71E-5B1309D1D12B}.Debug|Any CPU.Build.0 = Debug|Any CPU
		{6D6385AC-2692-46E7-B71E-5B1309D1D12B}.Release|Any CPU.ActiveCfg = Release|Any CPU
		{6D6385AC-2692-46E7-B71E-5B1309D1D12B}.Release|Any CPU.Build.0 = Release|Any CPU
		{825879B8-4269-498A-B825-C414B3FC9223}.Debug|Any CPU.ActiveCfg = Debug|Any CPU
		{825879B8-4269-498A-B825-C414B3FC9223}.Debug|Any CPU.Build.0 = Debug|Any CPU
		{825879B8-4269-498A-B825-C414B3FC9223}.Release|Any CPU.ActiveCfg = Release|Any CPU
		{825879B8-4269-498A-B825-C414B3FC9223}.Release|Any CPU.Build.0 = Release|Any CPU
		{BDAB7CCD-E250-4E8B-98AB-718441AA51BE}.Debug|Any CPU.ActiveCfg = Debug|Any CPU
		{BDAB7CCD-E250-4E8B-98AB-718441AA51BE}.Debug|Any CPU.Build.0 = Debug|Any CPU
		{BDAB7CCD-E250-4E8B-98AB-718441AA51BE}.Release|Any CPU.ActiveCfg = Release|Any CPU
		{BDAB7CCD-E250-4E8B-98AB-718441AA51BE}.Release|Any CPU.Build.0 = Release|Any CPU
		{385DD313-A1E5-4CEA-A795-F7840DC3819E}.Debug|Any CPU.ActiveCfg = Debug|Any CPU
		{385DD313-A1E5-4CEA-A795-F7840DC3819E}.Debug|Any CPU.Build.0 = Debug|Any CPU
		{385DD313-A1E5-4CEA-A795-F7840DC3819E}.Release|Any CPU.ActiveCfg = Release|Any CPU
		{385DD313-A1E5-4CEA-A795-F7840DC3819E}.Release|Any CPU.Build.0 = Release|Any CPU
		{B13FAE37-BEF4-4F4B-AEA5-7C9E85DF08AD}.Debug|Any CPU.ActiveCfg = Debug|Any CPU
		{B13FAE37-BEF4-4F4B-AEA5-7C9E85DF08AD}.Debug|Any CPU.Build.0 = Debug|Any CPU
		{B13FAE37-BEF4-4F4B-AEA5-7C9E85DF08AD}.Release|Any CPU.ActiveCfg = Release|Any CPU
		{B13FAE37-BEF4-4F4B-AEA5-7C9E85DF08AD}.Release|Any CPU.Build.0 = Release|Any CPU
		{B1898650-7BD3-464F-AAA2-BE8D6CE27A03}.Debug|Any CPU.ActiveCfg = Debug|Any CPU
		{B1898650-7BD3-464F-AAA2-BE8D6CE27A03}.Debug|Any CPU.Build.0 = Debug|Any CPU
		{B1898650-7BD3-464F-AAA2-BE8D6CE27A03}.Release|Any CPU.ActiveCfg = Release|Any CPU
		{B1898650-7BD3-464F-AAA2-BE8D6CE27A03}.Release|Any CPU.Build.0 = Release|Any CPU
		{43DEC317-E440-4994-8870-7B8E8E9A6B05}.Debug|Any CPU.ActiveCfg = Debug|Any CPU
		{43DEC317-E440-4994-8870-7B8E8E9A6B05}.Debug|Any CPU.Build.0 = Debug|Any CPU
		{43DEC317-E440-4994-8870-7B8E8E9A6B05}.Release|Any CPU.ActiveCfg = Release|Any CPU
		{43DEC317-E440-4994-8870-7B8E8E9A6B05}.Release|Any CPU.Build.0 = Release|Any CPU
	EndGlobalSection
	GlobalSection(SolutionProperties) = preSolution
		HideSolutionNode = FALSE
	EndGlobalSection
	GlobalSection(NestedProjects) = preSolution
		{B13FAE37-BEF4-4F4B-AEA5-7C9E85DF08AD} = {04891B78-9C64-48B3-9B96-7D516F4E8808}
		{B1898650-7BD3-464F-AAA2-BE8D6CE27A03} = {04891B78-9C64-48B3-9B96-7D516F4E8808}
		{43DEC317-E440-4994-8870-7B8E8E9A6B05} = {5D9C2607-DEBE-46AA-947B-AE4016C0D55B}
	EndGlobalSection
	GlobalSection(ExtensibilityGlobals) = postSolution
		SolutionGuid = {A54956CA-1ECE-4AAE-9324-A7452965BA8F}
	EndGlobalSection
EndGlobal
